
Microsoft Visual Studio Solution File, Format Version 12.00
# Visual Studio Version 16
VisualStudioVersion = 16.0.31005.135
MinimumVisualStudioVersion = 10.0.40219.1
Project("{FAE04EC0-301F-11D3-BF4B-00C04F79EFBC}") = "WebApplicationdemo", "WebApplicationdemo\WebApplicationdemo.csproj", "{149EA6AE-37FF-47B4-937F-A14E63E65351}"
EndProject
Global
	GlobalSection(SolutionConfigurationPlatforms) = preSolution
		Debug|Any CPU = Debug|Any CPU
		Release|Any CPU = Release|Any CPU
	EndGlobalSection
	GlobalSection(ProjectConfigurationPlatforms) = postSolution
		{149EA6AE-37FF-47B4-937F-A14E63E65351}.Debug|Any CPU.ActiveCfg = Debug|Any CPU
		{149EA6AE-37FF-47B4-937F-A14E63E65351}.Debug|Any CPU.Build.0 = Debug|Any CPU
		{149EA6AE-37FF-47B4-937F-A14E63E65351}.Release|Any CPU.ActiveCfg = Release|Any CPU
		{149EA6AE-37FF-47B4-937F-A14E63E65351}.Release|Any CPU.Build.0 = Release|Any CPU
	EndGlobalSection
	GlobalSection(SolutionProperties) = preSolution
		HideSolutionNode = FALSE
	EndGlobalSection
	GlobalSection(ExtensibilityGlobals) = postSolution
		SolutionGuid = {178C9E9E-95E5-4687-A232-2378801FA6CA}
	EndGlobalSection
EndGlobal
